{
  "originHash" : "086714f5f37841df9aa7392f45e538452a57d818062643ae0bb6a9642a1ae51d",
  "pins" : [
    {
      "identity" : "capacitor-swift-pm",
      "kind" : "remoteSourceControl",
      "location" : "https://github.com/ionic-team/capacitor-swift-pm.git",
      "state" : {
        "revision" : "6a2a3feb25fda8df2a284d0818bc9c83e57a7d56",
        "version" : "8.3.0"
      }
    },
    {
      "identity" : "purchases-hybrid-common",
      "kind" : "remoteSourceControl",
      "location" : "https://github.com/RevenueCat/purchases-hybrid-common.git",
      "state" : {
        "revision" : "f95aee4cd5907e578a34e1bb5608379f1b9fede1",
        "version" : "18.0.0"
      }
    },
    {
      "identity" : "purchases-ios-spm",
      "kind" : "remoteSourceControl",
      "location" : "https://github.com/RevenueCat/purchases-ios-spm",
      "state" : {
        "revision" : "a78d10e43fd32e636cef073b8fede9a24a0b2d0b",
        "version" : "5.67.2"
      }
    }
  ],
  "version" : 3
}
